
Microsoft Visual Studio Solution File, Format Version 12.00
# Visual Studio 14
VisualStudioVersion = 14.0.25420.1
MinimumVisualStudioVersion = 10.0.40219.1
Project("{FAE04EC0-301F-11D3-BF4B-00C04F79EFBC}") = "Agile", "Agile\Agile.csproj", "{AD7C1225-FCDE-49D4-8DDB-BF88876B74B5}"
EndProject
Project("{FAE04EC0-301F-11D3-BF4B-00C04F79EFBC}") = "Agile.Tests", "Agile.Tests\Agile.Tests.csproj", "{0A63F8EC-6622-42D9-8B76-EBBDB42751E8}"
EndProject
Project("{FAE04EC0-301F-11D3-BF4B-00C04F79EFBC}") = "AgileTests3", "AgileTests3\AgileTests3.csproj", "{C254F6BC-9484-4508-885C-55DD65A85023}"
EndProject
Global
	GlobalSection(SolutionConfigurationPlatforms) = preSolution
		Debug|Any CPU = Debug|Any CPU
		Release|Any CPU = Release|Any CPU
	EndGlobalSection
	GlobalSection(ProjectConfigurationPlatforms) = postSolution
		{AD7C1225-FCDE-49D4-8DDB-BF88876B74B5}.Debug|Any CPU.ActiveCfg = Debug|Any CPU
		{AD7C1225-FCDE-49D4-8DDB-BF88876B74B5}.Debug|Any CPU.Build.0 = Debug|Any CPU
		{AD7C1225-FCDE-49D4-8DDB-BF88876B74B5}.Release|Any CPU.ActiveCfg = Release|Any CPU
		{AD7C1225-FCDE-49D4-8DDB-BF88876B74B5}.Release|Any CPU.Build.0 = Release|Any CPU
		{0A63F8EC-6622-42D9-8B76-EBBDB42751E8}.Debug|Any CPU.ActiveCfg = Debug|Any CPU
		{0A63F8EC-6622-42D9-8B76-EBBDB42751E8}.Debug|Any CPU.Build.0 = Debug|Any CPU
		{0A63F8EC-6622-42D9-8B76-EBBDB42751E8}.Release|Any CPU.ActiveCfg = Release|Any CPU
		{0A63F8EC-6622-42D9-8B76-EBBDB42751E8}.Release|Any CPU.Build.0 = Release|Any CPU
		{C254F6BC-9484-4508-885C-55DD65A85023}.Debug|Any CPU.ActiveCfg = Debug|Any CPU
		{C254F6BC-9484-4508-885C-55DD65A85023}.Debug|Any CPU.Build.0 = Debug|Any CPU
		{C254F6BC-9484-4508-885C-55DD65A85023}.Release|Any CPU.ActiveCfg = Release|Any CPU
		{C254F6BC-9484-4508-885C-55DD65A85023}.Release|Any CPU.Build.0 = Release|Any CPU
	EndGlobalSection
	GlobalSection(SolutionProperties) = preSolution
		HideSolutionNode = FALSE
	EndGlobalSection
EndGlobal
